
Microsoft Visual Studio Solution File, Format Version 12.00
# Visual Studio Version 17
VisualStudioVersion = 17.1.32210.238
MinimumVisualStudioVersion = 10.0.40219.1
Project("{FAE04EC0-301F-11D3-BF4B-00C04F79EFBC}") = "IEnumerableAndIEnumeratorDemo", "IEnumerableAndIEnumeratorDemo\IEnumerableAndIEnumeratorDemo.csproj", "{588C386E-6AD7-4D3A-8C28-327D088EDD25}"
EndProject
Global
	GlobalSection(SolutionConfigurationPlatforms) = preSolution
		Debug|Any CPU = Debug|Any CPU
		Release|Any CPU = Release|Any CPU
	EndGlobalSection
	GlobalSection(ProjectConfigurationPlatforms) = postSolution
		{588C386E-6AD7-4D3A-8C28-327D088EDD25}.Debug|Any CPU.ActiveCfg = Debug|Any CPU
		{588C386E-6AD7-4D3A-8C28-327D088EDD25}.Debug|Any CPU.Build.0 = Debug|Any CPU
		{588C386E-6AD7-4D3A-8C28-327D088EDD25}.Release|Any CPU.ActiveCfg = Release|Any CPU
		{588C386E-6AD7-4D3A-8C28-327D088EDD25}.Release|Any CPU.Build.0 = Release|Any CPU
	EndGlobalSection
	GlobalSection(SolutionProperties) = preSolution
		HideSolutionNode = FALSE
	EndGlobalSection
	GlobalSection(ExtensibilityGlobals) = postSolution
		SolutionGuid = {5CBD65EC-4574-4A15-91C8-31EB7D656207}
	EndGlobalSection
EndGlobal
